
Microsoft Visual Studio Solution File, Format Version 12.00
# Visual Studio 15
VisualStudioVersion = 15.0.27703.2026
MinimumVisualStudioVersion = 10.0.40219.1
Project("{FAE04EC0-301F-11D3-BF4B-00C04F79EFBC}") = "Banking_Sys", "Banking_Sys\Banking_Sys.csproj", "{DDDF2003-D514-4C2A-9F77-BDC1286A84D1}"
EndProject
Global
	GlobalSection(SolutionConfigurationPlatforms) = preSolution
		Debug|Any CPU = Debug|Any CPU
		Release|Any CPU = Release|Any CPU
	EndGlobalSection
	GlobalSection(ProjectConfigurationPlatforms) = postSolution
		{DDDF2003-D514-4C2A-9F77-BDC1286A84D1}.Debug|Any CPU.ActiveCfg = Debug|Any CPU
		{DDDF2003-D514-4C2A-9F77-BDC1286A84D1}.Debug|Any CPU.Build.0 = Debug|Any CPU
		{DDDF2003-D514-4C2A-9F77-BDC1286A84D1}.Release|Any CPU.ActiveCfg = Release|Any CPU
		{DDDF2003-D514-4C2A-9F77-BDC1286A84D1}.Release|Any CPU.Build.0 = Release|Any CPU
	EndGlobalSection
	GlobalSection(SolutionProperties) = preSolution
		HideSolutionNode = FALSE
	EndGlobalSection
	GlobalSection(ExtensibilityGlobals) = postSolution
		SolutionGuid = {D6DE271B-43FD-45A0-AAA6-ECAEF448E3B1}
	EndGlobalSection
EndGlobal
